// !$*UTF8*$!
{
	archiveVersion = 1;
	classes = {
	};
	objectVersion = 77;
	objects = {

/* Begin PBXBuildFile section */
		CD27EF3E2CF698A4001455DF /* OpenAI in Frameworks */ = {isa = PBXBuildFile; productRef = CD27EF3D2CF698A4001455DF /* OpenAI */; };
		CD27EF422CF698B7001455DF /* StoryData in Frameworks */ = {isa = PBXBuildFile; productRef = CD27EF412CF698B7001455DF /* StoryData */; };
		CD29B2682D66565300256E12 /* Dependencies in Frameworks */ = {isa = PBXBuildFile; productRef = CD29B2672D66565300256E12 /* Dependencies */; };
/* End PBXBuildFile section */

/* Begin PBXContainerItemProxy section */
		CD9DD1E22CF69819003A0E10 /* PBXContainerItemProxy */ = {
			isa = PBXContainerItemProxy;
			containerPortal = CD9DD1C52CF69818003A0E10 /* Project object */;
			proxyType = 1;
			remoteGlobalIDString = CD9DD1CC2CF69818003A0E10;
			remoteInfo = StoryApp;
		};
		CD9DD1EC2CF69819003A0E10 /* PBXContainerItemProxy */ = {
			isa = PBXContainerItemProxy;
			containerPortal = CD9DD1C52CF69818003A0E10 /* Project object */;
			proxyType = 1;
			remoteGlobalIDString = CD9DD1CC2CF69818003A0E10;
			remoteInfo = StoryApp;
		};
/* End PBXContainerItemProxy section */

/* Begin PBXFileReference section */
		CD07F8A82D66976C002E66A4 /* StoryData */ = {isa = PBXFileReference; lastKnownFileType = wrapper; path = StoryData; sourceTree = "<group>"; };
		CD9DD1CD2CF69818003A0E10 /* StoryApp.app */ = {isa = PBXFileReference; explicitFileType = wrapper.application; includeInIndex = 0; path = StoryApp.app; sourceTree = BUILT_PRODUCTS_DIR; };
		CD9DD1E12CF69819003A0E10 /* StoryAppTests.xctest */ = {isa = PBXFileReference; explicitFileType = wrapper.cfbundle; includeInIndex = 0; path = StoryAppTests.xctest; sourceTree = BUILT_PRODUCTS_DIR; };
		CD9DD1EB2CF69819003A0E10 /* StoryAppUITests.xctest */ = {isa = PBXFileReference; explicitFileType = wrapper.cfbundle; includeInIndex = 0; path = StoryAppUITests.xctest; sourceTree = BUILT_PRODUCTS_DIR; };
/* End PBXFileReference section */

/* Begin PBXFileSystemSynchronizedBuildFileExceptionSet section */
		CD9DD1F32CF69819003A0E10 /* Exceptions for "StoryApp" folder in "StoryApp" target */ = {
			isa = PBXFileSystemSynchronizedBuildFileExceptionSet;
			membershipExceptions = (
				Info.plist,
			);
			target = CD9DD1CC2CF69818003A0E10 /* StoryApp */;
		};
/* End PBXFileSystemSynchronizedBuildFileExceptionSet section */

/* Begin PBXFileSystemSynchronizedRootGroup section */
		CD9DD1CF2CF69818003A0E10 /* StoryApp */ = {
			isa = PBXFileSystemSynchronizedRootGroup;
			exceptions = (
				CD9DD1F32CF69819003A0E10 /* Exceptions for "StoryApp" folder in "StoryApp" target */,
			);
			path = StoryApp;
			sourceTree = "<group>";
		};
		CD9DD1E42CF69819003A0E10 /* StoryAppTests */ = {
			isa = PBXFileSystemSynchronizedRootGroup;
			path = StoryAppTests;
			sourceTree = "<group>";
		};
		CD9DD1EE2CF69819003A0E10 /* StoryAppUITests */ = {
			isa = PBXFileSystemSynchronizedRootGroup;
			path = StoryAppUITests;
			sourceTree = "<group>";
		};
/* End PBXFileSystemSynchronizedRootGroup section */

/* Begin PBXFrameworksBuildPhase section */
		CD9DD1CA2CF69818003A0E10 /* Frameworks */ = {
			isa = PBXFrameworksBuildPhase;
			buildActionMask = 2147483647;
			files = (
				CD29B2682D66565300256E12 /* Dependencies in Frameworks */,
				CD27EF422CF698B7001455DF /* StoryData in Frameworks */,
				CD27EF3E2CF698A4001455DF /* OpenAI in Frameworks */,
			);
			runOnlyForDeploymentPostprocessing = 0;
		};
		CD9DD1DE2CF69819003A0E10 /* Frameworks */ = {
			isa = PBXFrameworksBuildPhase;
			buildActionMask = 2147483647;
			files = (
			);
			runOnlyForDeploymentPostprocessing = 0;
		};
		CD9DD1E82CF69819003A0E10 /* Frameworks */ = {
			isa = PBXFrameworksBuildPhase;
			buildActionMask = 2147483647;
			files = (
			);
			runOnlyForDeploymentPostprocessing = 0;
		};
/* End PBXFrameworksBuildPhase section */

/* Begin PBXGroup section */
		CD07F8A92D66976C002E66A4 /* Packages */ = {
			isa = PBXGroup;
			children = (
				CD07F8A82D66976C002E66A4 /* StoryData */,
			);
			path = Packages;
			sourceTree = "<group>";
		};
		CD27EF402CF698B7001455DF /* Frameworks */ = {
			isa = PBXGroup;
			children = (
			);
			name = Frameworks;
			sourceTree = "<group>";
		};
		CD9DD1C42CF69818003A0E10 = {
			isa = PBXGroup;
			children = (
				CD9DD1CF2CF69818003A0E10 /* StoryApp */,
				CD9DD1E42CF69819003A0E10 /* StoryAppTests */,
				CD9DD1EE2CF69819003A0E10 /* StoryAppUITests */,
				CD27EF402CF698B7001455DF /* Frameworks */,
				CD9DD1CE2CF69818003A0E10 /* Products */,
				CD07F8A92D66976C002E66A4 /* Packages */,
			);
			sourceTree = "<group>";
		};
		CD9DD1CE2CF69818003A0E10 /* Products */ = {
			isa = PBXGroup;
			children = (
				CD9DD1CD2CF69818003A0E10 /* StoryApp.app */,
				CD9DD1E12CF69819003A0E10 /* StoryAppTests.xctest */,
				CD9DD1EB2CF69819003A0E10 /* StoryAppUITests.xctest */,
			);
			name = Products;
			sourceTree = "<group>";
		};
/* End PBXGroup section */

/* Begin PBXNativeTarget section */
		CD9DD1CC2CF69818003A0E10 /* StoryApp */ = {
			isa = PBXNativeTarget;
			buildConfigurationList = CD9DD1F42CF69819003A0E10 /* Build configuration list for PBXNativeTarget "StoryApp" */;
			buildPhases = (
				CD9DD1C92CF69818003A0E10 /* Sources */,
				CD9DD1CA2CF69818003A0E10 /* Frameworks */,
				CD9DD1CB2CF69818003A0E10 /* Resources */,
			);
			buildRules = (
			);
			dependencies = (
			);
			fileSystemSynchronizedGroups = (
				CD9DD1CF2CF69818003A0E10 /* StoryApp */,
			);
			name = StoryApp;
			packageProductDependencies = (
				CD27EF3D2CF698A4001455DF /* OpenAI */,
				CD27EF412CF698B7001455DF /* StoryData */,
				CD29B2672D66565300256E12 /* Dependencies */,
			);
			productName = StoryApp;
			productReference = CD9DD1CD2CF69818003A0E10 /* StoryApp.app */;
			productType = "com.apple.product-type.application";
		};
		CD9DD1E02CF69819003A0E10 /* StoryAppTests */ = {
			isa = PBXNativeTarget;
			buildConfigurationList = CD9DD1F92CF69819003A0E10 /* Build configuration list for PBXNativeTarget "StoryAppTests" */;
			buildPhases = (
				CD9DD1DD2CF69819003A0E10 /* Sources */,
				CD9DD1DE2CF69819003A0E10 /* Frameworks */,
				CD9DD1DF2CF69819003A0E10 /* Resources */,
			);
			buildRules = (
			);
			dependencies = (
				CD9DD1E32CF69819003A0E10 /* PBXTargetDependency */,
			);
			fileSystemSynchronizedGroups = (
				CD9DD1E42CF69819003A0E10 /* StoryAppTests */,
			);
			name = StoryAppTests;
			packageProductDependencies = (
			);
			productName = StoryAppTests;
			productReference = CD9DD1E12CF69819003A0E10 /* StoryAppTests.xctest */;
			productType = "com.apple.product-type.bundle.unit-test";
		};
		CD9DD1EA2CF69819003A0E10 /* StoryAppUITests */ = {
			isa = PBXNativeTarget;
			buildConfigurationList = CD9DD1FC2CF69819003A0E10 /* Build configuration list for PBXNativeTarget "StoryAppUITests" */;
			buildPhases = (
				CD9DD1E72CF69819003A0E10 /* Sources */,
				CD9DD1E82CF69819003A0E10 /* Frameworks */,
				CD9DD1E92CF69819003A0E10 /* Resources */,
			);
			buildRules = (
			);
			dependencies = (
				CD9DD1ED2CF69819003A0E10 /* PBXTargetDependency */,
			);
			fileSystemSynchronizedGroups = (
				CD9DD1EE2CF69819003A0E10 /* StoryAppUITests */,
			);
			name = StoryAppUITests;
			packageProductDependencies = (
			);
			productName = StoryAppUITests;
			productReference = CD9DD1EB2CF69819003A0E10 /* StoryAppUITests.xctest */;
			productType = "com.apple.product-type.bundle.ui-testing";
		};
/* End PBXNativeTarget section */

/* Begin PBXProject section */
		CD9DD1C52CF69818003A0E10 /* Project object */ = {
			isa = PBXProject;
			attributes = {
				BuildIndependentTargetsInParallel = 1;
				LastSwiftUpdateCheck = 1610;
				LastUpgradeCheck = 1610;
				TargetAttributes = {
					CD9DD1CC2CF69818003A0E10 = {
						CreatedOnToolsVersion = 16.1;
					};
					CD9DD1E02CF69819003A0E10 = {
						CreatedOnToolsVersion = 16.1;
						TestTargetID = CD9DD1CC2CF69818003A0E10;
					};
					CD9DD1EA2CF69819003A0E10 = {
						CreatedOnToolsVersion = 16.1;
						TestTargetID = CD9DD1CC2CF69818003A0E10;
					};
				};
			};
			buildConfigurationList = CD9DD1C82CF69818003A0E10 /* Build configuration list for PBXProject "StoryApp" */;
			developmentRegion = en;
			hasScannedForEncodings = 0;
			knownRegions = (
				en,
				Base,
			);
			mainGroup = CD9DD1C42CF69818003A0E10;
			minimizedProjectReferenceProxies = 1;
			packageReferences = (
				CD27EF3C2CF698A4001455DF /* XCRemoteSwiftPackageReference "OpenAI" */,
				CD27EF3F2CF698AE001455DF /* XCLocalSwiftPackageReference "Packages/StoryData" */,
				CD29B2662D66565300256E12 /* XCRemoteSwiftPackageReference "swift-dependencies" */,
			);
			preferredProjectObjectVersion = 77;
			productRefGroup = CD9DD1CE2CF69818003A0E10 /* Products */;
			projectDirPath = "";
			projectRoot = "";
			targets = (
				CD9DD1CC2CF69818003A0E10 /* StoryApp */,
				CD9DD1E02CF69819003A0E10 /* StoryAppTests */,
				CD9DD1EA2CF69819003A0E10 /* StoryAppUITests */,
			);
		};
/* End PBXProject section */

/* Begin PBXResourcesBuildPhase section */
		CD9DD1CB2CF69818003A0E10 /* Resources */ = {
			isa = PBXResourcesBuildPhase;
			buildActionMask = 2147483647;
			files = (
			);
			runOnlyForDeploymentPostprocessing = 0;
		};
		CD9DD1DF2CF69819003A0E10 /* Resources */ = {
			isa = PBXResourcesBuildPhase;
			buildActionMask = 2147483647;
			files = (
			);
			runOnlyForDeploymentPostprocessing = 0;
		};
		CD9DD1E92CF69819003A0E10 /* Resources */ = {
			isa = PBXResourcesBuildPhase;
			buildActionMask = 2147483647;
			files = (
			);
			runOnlyForDeploymentPostprocessing = 0;
		};
/* End PBXResourcesBuildPhase section */

/* Begin PBXSourcesBuildPhase section */
		CD9DD1C92CF69818003A0E10 /* Sources */ = {
			isa = PBXSourcesBuildPhase;
			buildActionMask = 2147483647;
			files = (
			);
			runOnlyForDeploymentPostprocessing = 0;
		};
		CD9DD1DD2CF69819003A0E10 /* Sources */ = {
			isa = PBXSourcesBuildPhase;
			buildActionMask = 2147483647;
			files = (
			);
			runOnlyForDeploymentPostprocessing = 0;
		};
		CD9DD1E72CF69819003A0E10 /* Sources */ = {
			isa = PBXSourcesBuildPhase;
			buildActionMask = 2147483647;
			files = (
			);
			runOnlyForDeploymentPostprocessing = 0;
		};
/* End PBXSourcesBuildPhase section */

/* Begin PBXTargetDependency section */
		CD9DD1E32CF69819003A0E10 /* PBXTargetDependency */ = {
			isa = PBXTargetDependency;
			target = CD9DD1CC2CF69818003A0E10 /* StoryApp */;
			targetProxy = CD9DD1E22CF69819003A0E10 /* PBXContainerItemProxy */;
		};
		CD9DD1ED2CF69819003A0E10 /* PBXTargetDependency */ = {
			isa = PBXTargetDependency;
			target = CD9DD1CC2CF69818003A0E10 /* StoryApp */;
			targetProxy = CD9DD1EC2CF69819003A0E10 /* PBXContainerItemProxy */;
		};
/* End PBXTargetDependency section */

/* Begin XCBuildConfiguration section */
		CD9DD1F52CF69819003A0E10 /* Debug */ = {
			isa = XCBuildConfiguration;
			buildSettings = {
				ASSETCATALOG_COMPILER_APPICON_NAME = AppIcon;
				ASSETCATALOG_COMPILER_GLOBAL_ACCENT_COLOR_NAME = AccentColor;
				CODE_SIGN_ENTITLEMENTS = StoryApp/StoryApp.entitlements;
				CODE_SIGN_IDENTITY = "Apple Development";
				CODE_SIGN_STYLE = Automatic;
				CURRENT_PROJECT_VERSION = 1;
				DEVELOPMENT_ASSET_PATHS = "\"StoryApp/Preview Content\"";
				DEVELOPMENT_TEAM = TV6KLL8Y79;
				ENABLE_PREVIEWS = YES;
				GENERATE_INFOPLIST_FILE = YES;
				INFOPLIST_FILE = StoryApp/Info.plist;
				INFOPLIST_KEY_UIApplicationSceneManifest_Generation = YES;
				INFOPLIST_KEY_UIApplicationSupportsIndirectInputEvents = YES;
				INFOPLIST_KEY_UILaunchScreen_Generation = YES;
				INFOPLIST_KEY_UISupportedInterfaceOrientations_iPad = "UIInterfaceOrientationPortrait UIInterfaceOrientationPortraitUpsideDown UIInterfaceOrientationLandscapeLeft UIInterfaceOrientationLandscapeRight";
				INFOPLIST_KEY_UISupportedInterfaceOrientations_iPhone = "UIInterfaceOrientationPortrait UIInterfaceOrientationLandscapeLeft UIInterfaceOrientationLandscapeRight";
				LD_RUNPATH_SEARCH_PATHS = (
					"$(inherited)",
					"@executable_path/Frameworks",
				);
				MARKETING_VERSION = 1.0;
				PRODUCT_BUNDLE_IDENTIFIER = mthole.com.StoryApp;
				PRODUCT_NAME = "$(TARGET_NAME)";
				PROVISIONING_PROFILE_SPECIFIER = "";
				SWIFT_EMIT_LOC_STRINGS = YES;
				SWIFT_VERSION = 5.0;
				TARGETED_DEVICE_FAMILY = "1,2";
			};
			name = Debug;
		};
		CD9DD1F62CF69819003A0E10 /* Release */ = {
			isa = XCBuildConfiguration;
			buildSettings = {
				ASSETCATALOG_COMPILER_APPICON_NAME = AppIcon;
				ASSETCATALOG_COMPILER_GLOBAL_ACCENT_COLOR_NAME = AccentColor;
				CODE_SIGN_ENTITLEMENTS = StoryApp/StoryApp.entitlements;
				CODE_SIGN_STYLE = Automatic;
				CURRENT_PROJECT_VERSION = 1;
				DEVELOPMENT_ASSET_PATHS = "\"StoryApp/Preview Content\"";
				DEVELOPMENT_TEAM = TV6KLL8Y79;
				ENABLE_PREVIEWS = YES;
				GENERATE_INFOPLIST_FILE = YES;
				INFOPLIST_FILE = StoryApp/Info.plist;
				INFOPLIST_KEY_UIApplicationSceneManifest_Generation = YES;
				INFOPLIST_KEY_UIApplicationSupportsIndirectInputEvents = YES;
				INFOPLIST_KEY_UILaunchScreen_Generation = YES;
				INFOPLIST_KEY_UISupportedInterfaceOrientations_iPad = "UIInterfaceOrientationPortrait UIInterfaceOrientationPortraitUpsideDown UIInterfaceOrientationLandscapeLeft UIInterfaceOrientationLandscapeRight";
				INFOPLIST_KEY_UISupportedInterfaceOrientations_iPhone = "UIInterfaceOrientationPortrait UIInterfaceOrientationLandscapeLeft UIInterfaceOrientationLandscapeRight";
				LD_RUNPATH_SEARCH_PATHS = (
					"$(inherited)",
					"@executable_path/Frameworks",
				);
				MARKETING_VERSION = 1.0;
				PRODUCT_BUNDLE_IDENTIFIER = mthole.com.StoryApp;
				PRODUCT_NAME = "$(TARGET_NAME)";
				SWIFT_EMIT_LOC_STRINGS = YES;
				SWIFT_VERSION = 5.0;
				TARGETED_DEVICE_FAMILY = "1,2";
			};
			name = Release;
		};
		CD9DD1F72CF69819003A0E10 /* Debug */ = {
			isa = XCBuildConfiguration;
			buildSettings = {
				ALWAYS_SEARCH_USER_PATHS = NO;
				ASSETCATALOG_COMPILER_GENERATE_SWIFT_ASSET_SYMBOL_EXTENSIONS = YES;
				CLANG_ANALYZER_NONNULL = YES;
				CLANG_ANALYZER_NUMBER_OBJECT_CONVERSION = YES_AGGRESSIVE;
				CLANG_CXX_LANGUAGE_STANDARD = "gnu++20";
				CLANG_ENABLE_MODULES = YES;
				CLANG_ENABLE_OBJC_ARC = YES;
				CLANG_ENABLE_OBJC_WEAK = YES;
				CLANG_WARN_BLOCK_CAPTURE_AUTORELEASING = YES;
				CLANG_WARN_BOOL_CONVERSION = YES;
				CLANG_WARN_COMMA = YES;
				CLANG_WARN_CONSTANT_CONVERSION = YES;
				CLANG_WARN_DEPRECATED_OBJC_IMPLEMENTATIONS = YES;
				CLANG_WARN_DIRECT_OBJC_ISA_USAGE = YES_ERROR;
				CLANG_WARN_DOCUMENTATION_COMMENTS = YES;
				CLANG_WARN_EMPTY_BODY = YES;
				CLANG_WARN_ENUM_CONVERSION = YES;
				CLANG_WARN_INFINITE_RECURSION = YES;
				CLANG_WARN_INT_CONVERSION = YES;
				CLANG_WARN_NON_LITERAL_NULL_CONVERSION = YES;
				CLANG_WARN_OBJC_IMPLICIT_RETAIN_SELF = YES;
				CLANG_WARN_OBJC_LITERAL_CONVERSION = YES;
				CLANG_WARN_OBJC_ROOT_CLASS = YES_ERROR;
				CLANG_WARN_QUOTED_INCLUDE_IN_FRAMEWORK_HEADER = YES;
				CLANG_WARN_RANGE_LOOP_ANALYSIS = YES;
				CLANG_WARN_STRICT_PROTOTYPES = YES;
				CLANG_WARN_SUSPICIOUS_MOVE = YES;
				CLANG_WARN_UNGUARDED_AVAILABILITY = YES_AGGRESSIVE;
				CLANG_WARN_UNREACHABLE_CODE = YES;
				CLANG_WARN__DUPLICATE_METHOD_MATCH = YES;
				COPY_PHASE_STRIP = NO;
				DEBUG_INFORMATION_FORMAT = dwarf;
				ENABLE_STRICT_OBJC_MSGSEND = YES;
				ENABLE_TESTABILITY = YES;
				ENABLE_USER_SCRIPT_SANDBOXING = YES;
				GCC_C_LANGUAGE_STANDARD = gnu17;
				GCC_DYNAMIC_NO_PIC = NO;
				GCC_NO_COMMON_BLOCKS = YES;
				GCC_OPTIMIZATION_LEVEL = 0;
				GCC_PREPROCESSOR_DEFINITIONS = (
					"DEBUG=1",
					"$(inherited)",
				);
				GCC_WARN_64_TO_32_BIT_CONVERSION = YES;
				GCC_WARN_ABOUT_RETURN_TYPE = YES_ERROR;
				GCC_WARN_UNDECLARED_SELECTOR = YES;
				GCC_WARN_UNINITIALIZED_AUTOS = YES_AGGRESSIVE;
				GCC_WARN_UNUSED_FUNCTION = YES;
				GCC_WARN_UNUSED_VARIABLE = YES;
				IPHONEOS_DEPLOYMENT_TARGET = 18.1;
				LOCALIZATION_PREFERS_STRING_CATALOGS = YES;
				MTL_ENABLE_DEBUG_INFO = INCLUDE_SOURCE;
				MTL_FAST_MATH = YES;
				ONLY_ACTIVE_ARCH = YES;
				SDKROOT = iphoneos;
				SWIFT_ACTIVE_COMPILATION_CONDITIONS = "DEBUG $(inherited)";
				SWIFT_OPTIMIZATION_LEVEL = "-Onone";
			};
			name = Debug;
		};
		CD9DD1F82CF69819003A0E10 /* Release */ = {
			isa = XCBuildConfiguration;
			buildSettings = {
				ALWAYS_SEARCH_USER_PATHS = NO;
				ASSETCATALOG_COMPILER_GENERATE_SWIFT_ASSET_SYMBOL_EXTENSIONS = YES;
				CLANG_ANALYZER_NONNULL = YES;
				CLANG_ANALYZER_NUMBER_OBJECT_CONVERSION = YES_AGGRESSIVE;
				CLANG_CXX_LANGUAGE_STANDARD = "gnu++20";
				CLANG_ENABLE_MODULES = YES;
				CLANG_ENABLE_OBJC_ARC = YES;
				CLANG_ENABLE_OBJC_WEAK = YES;
				CLANG_WARN_BLOCK_CAPTURE_AUTORELEASING = YES;
				CLANG_WARN_BOOL_CONVERSION = YES;
				CLANG_WARN_COMMA = YES;
				CLANG_WARN_CONSTANT_CONVERSION = YES;
				CLANG_WARN_DEPRECATED_OBJC_IMPLEMENTATIONS = YES;
				CLANG_WARN_DIRECT_OBJC_ISA_USAGE = YES_ERROR;
				CLANG_WARN_DOCUMENTATION_COMMENTS = YES;
				CLANG_WARN_EMPTY_BODY = YES;
				CLANG_WARN_ENUM_CONVERSION = YES;
				CLANG_WARN_INFINITE_RECURSION = YES;
				CLANG_WARN_INT_CONVERSION = YES;
				CLANG_WARN_NON_LITERAL_NULL_CONVERSION = YES;
				CLANG_WARN_OBJC_IMPLICIT_RETAIN_SELF = YES;
				CLANG_WARN_OBJC_LITERAL_CONVERSION = YES;
				CLANG_WARN_OBJC_ROOT_CLASS = YES_ERROR;
				CLANG_WARN_QUOTED_INCLUDE_IN_FRAMEWORK_HEADER = YES;
				CLANG_WARN_RANGE_LOOP_ANALYSIS = YES;
				CLANG_WARN_STRICT_PROTOTYPES = YES;
				CLANG_WARN_SUSPICIOUS_MOVE = YES;
				CLANG_WARN_UNGUARDED_AVAILABILITY = YES_AGGRESSIVE;
				CLANG_WARN_UNREACHABLE_CODE = YES;
				CLANG_WARN__DUPLICATE_METHOD_MATCH = YES;
				COPY_PHASE_STRIP = NO;
				DEBUG_INFORMATION_FORMAT = "dwarf-with-dsym";
				ENABLE_NS_ASSERTIONS = NO;
				ENABLE_STRICT_OBJC_MSGSEND = YES;
				ENABLE_USER_SCRIPT_SANDBOXING = YES;
				GCC_C_LANGUAGE_STANDARD = gnu17;
				GCC_NO_COMMON_BLOCKS = YES;
				GCC_WARN_64_TO_32_BIT_CONVERSION = YES;
				GCC_WARN_ABOUT_RETURN_TYPE = YES_ERROR;
				GCC_WARN_UNDECLARED_SELECTOR = YES;
				GCC_WARN_UNINITIALIZED_AUTOS = YES_AGGRESSIVE;
				GCC_WARN_UNUSED_FUNCTION = YES;
				GCC_WARN_UNUSED_VARIABLE = YES;
				IPHONEOS_DEPLOYMENT_TARGET = 18.1;
				LOCALIZATION_PREFERS_STRING_CATALOGS = YES;
				MTL_ENABLE_DEBUG_INFO = NO;
				MTL_FAST_MATH = YES;
				SDKROOT = iphoneos;
				SWIFT_COMPILATION_MODE = wholemodule;
				VALIDATE_PRODUCT = YES;
			};
			name = Release;
		};
		CD9DD1FA2CF69819003A0E10 /* Debug */ = {
			isa = XCBuildConfiguration;
			buildSettings = {
				BUNDLE_LOADER = "$(TEST_HOST)";
				CODE_SIGN_STYLE = Automatic;
				CURRENT_PROJECT_VERSION = 1;
				DEVELOPMENT_TEAM = TV6KLL8Y79;
				GENERATE_INFOPLIST_FILE = YES;
				IPHONEOS_DEPLOYMENT_TARGET = 18.1;
				MARKETING_VERSION = 1.0;
				PRODUCT_BUNDLE_IDENTIFIER = mthole.com.StoryAppTests;
				PRODUCT_NAME = "$(TARGET_NAME)";
				SWIFT_EMIT_LOC_STRINGS = NO;
				SWIFT_VERSION = 5.0;
				TARGETED_DEVICE_FAMILY = "1,2";
				TEST_HOST = "$(BUILT_PRODUCTS_DIR)/StoryApp.app/$(BUNDLE_EXECUTABLE_FOLDER_PATH)/StoryApp";
			};
			name = Debug;
		};
		CD9DD1FB2CF69819003A0E10 /* Release */ = {
			isa = XCBuildConfiguration;
			buildSettings = {
				BUNDLE_LOADER = "$(TEST_HOST)";
				CODE_SIGN_STYLE = Automatic;
				CURRENT_PROJECT_VERSION = 1;
				DEVELOPMENT_TEAM = TV6KLL8Y79;
				GENERATE_INFOPLIST_FILE = YES;
				IPHONEOS_DEPLOYMENT_TARGET = 18.1;
				MARKETING_VERSION = 1.0;
				PRODUCT_BUNDLE_IDENTIFIER = mthole.com.StoryAppTests;
				PRODUCT_NAME = "$(TARGET_NAME)";
				SWIFT_EMIT_LOC_STRINGS = NO;
				SWIFT_VERSION = 5.0;
				TARGETED_DEVICE_FAMILY = "1,2";
				TEST_HOST = "$(BUILT_PRODUCTS_DIR)/StoryApp.app/$(BUNDLE_EXECUTABLE_FOLDER_PATH)/StoryApp";
			};
			name = Release;
		};
		CD9DD1FD2CF69819003A0E10 /* Debug */ = {
			isa = XCBuildConfiguration;
			buildSettings = {
				CODE_SIGN_STYLE = Automatic;
				CURRENT_PROJECT_VERSION = 1;
				DEVELOPMENT_TEAM = TV6KLL8Y79;
				GENERATE_INFOPLIST_FILE = YES;
				MARKETING_VERSION = 1.0;
				PRODUCT_BUNDLE_IDENTIFIER = mthole.com.StoryAppUITests;
				PRODUCT_NAME = "$(TARGET_NAME)";
				SWIFT_EMIT_LOC_STRINGS = NO;
				SWIFT_VERSION = 5.0;
				TARGETED_DEVICE_FAMILY = "1,2";
				TEST_TARGET_NAME = StoryApp;
			};
			name = Debug;
		};
		CD9DD1FE2CF69819003A0E10 /* Release */ = {
			isa = XCBuildConfiguration;
			buildSettings = {
				CODE_SIGN_STYLE = Automatic;
				CURRENT_PROJECT_VERSION = 1;
				DEVELOPMENT_TEAM = TV6KLL8Y79;
				GENERATE_INFOPLIST_FILE = YES;
				MARKETING_VERSION = 1.0;
				PRODUCT_BUNDLE_IDENTIFIER = mthole.com.StoryAppUITests;
				PRODUCT_NAME = "$(TARGET_NAME)";
				SWIFT_EMIT_LOC_STRINGS = NO;
				SWIFT_VERSION = 5.0;
				TARGETED_DEVICE_FAMILY = "1,2";
				TEST_TARGET_NAME = StoryApp;
			};
			name = Release;
		};
/* End XCBuildConfiguration section */

/* Begin XCConfigurationList section */
		CD9DD1C82CF69818003A0E10 /* Build configuration list for PBXProject "StoryApp" */ = {
			isa = XCConfigurationList;
			buildConfigurations = (
				CD9DD1F72CF69819003A0E10 /* Debug */,
				CD9DD1F82CF69819003A0E10 /* Release */,
			);
			defaultConfigurationIsVisible = 0;
			defaultConfigurationName = Release;
		};
		CD9DD1F42CF69819003A0E10 /* Build configuration list for PBXNativeTarget "StoryApp" */ = {
			isa = XCConfigurationList;
			buildConfigurations = (
				CD9DD1F52CF69819003A0E10 /* Debug */,
				CD9DD1F62CF69819003A0E10 /* Release */,
			);
			defaultConfigurationIsVisible = 0;
			defaultConfigurationName = Release;
		};
		CD9DD1F92CF69819003A0E10 /* Build configuration list for PBXNativeTarget "StoryAppTests" */ = {
			isa = XCConfigurationList;
			buildConfigurations = (
				CD9DD1FA2CF69819003A0E10 /* Debug */,
				CD9DD1FB2CF69819003A0E10 /* Release */,
			);
			defaultConfigurationIsVisible = 0;
			defaultConfigurationName = Release;
		};
		CD9DD1FC2CF69819003A0E10 /* Build configuration list for PBXNativeTarget "StoryAppUITests" */ = {
			isa = XCConfigurationList;
			buildConfigurations = (
				CD9DD1FD2CF69819003A0E10 /* Debug */,
				CD9DD1FE2CF69819003A0E10 /* Release */,
			);
			defaultConfigurationIsVisible = 0;
			defaultConfigurationName = Release;
		};
/* End XCConfigurationList section */

/* Begin XCLocalSwiftPackageReference section */
		CD27EF3F2CF698AE001455DF /* XCLocalSwiftPackageReference "Packages/StoryData" */ = {
			isa = XCLocalSwiftPackageReference;
			relativePath = Packages/StoryData;
		};
/* End XCLocalSwiftPackageReference section */

/* Begin XCRemoteSwiftPackageReference section */
		CD27EF3C2CF698A4001455DF /* XCRemoteSwiftPackageReference "OpenAI" */ = {
			isa = XCRemoteSwiftPackageReference;
			repositoryURL = "https://github.com/MacPaw/OpenAI.git";
			requirement = {
				kind = upToNextMajorVersion;
				minimumVersion = 0.3.0;
			};
		};
		CD29B2662D66565300256E12 /* XCRemoteSwiftPackageReference "swift-dependencies" */ = {
			isa = XCRemoteSwiftPackageReference;
			repositoryURL = "https://github.com/pointfreeco/swift-dependencies";
			requirement = {
				kind = upToNextMajorVersion;
				minimumVersion = 1.7.0;
			};
		};
/* End XCRemoteSwiftPackageReference section */

/* Begin XCSwiftPackageProductDependency section */
		CD27EF3D2CF698A4001455DF /* OpenAI */ = {
			isa = XCSwiftPackageProductDependency;
			package = CD27EF3C2CF698A4001455DF /* XCRemoteSwiftPackageReference "OpenAI" */;
			productName = OpenAI;
		};
		CD27EF412CF698B7001455DF /* StoryData */ = {
			isa = XCSwiftPackageProductDependency;
			package = CD27EF3F2CF698AE001455DF /* XCLocalSwiftPackageReference "Packages/StoryData" */;
			productName = StoryData;
		};
		CD29B2672D66565300256E12 /* Dependencies */ = {
			isa = XCSwiftPackageProductDependency;
			package = CD29B2662D66565300256E12 /* XCRemoteSwiftPackageReference "swift-dependencies" */;
			productName = Dependencies;
		};
/* End XCSwiftPackageProductDependency section */
	};
	rootObject = CD9DD1C52CF69818003A0E10 /* Project object */;
}
